{
  "requires": true,
  "lockfileVersion": 1,
  "dependencies": {
    "define-lazy-prop": {
      "version": "2.0.0",
      "resolved": "https://registry.npm.taobao.org/define-lazy-prop/download/define-lazy-prop-2.0.0.tgz?cache=0&sync_timestamp=1618387841908&other_urls=https%3A%2F%2Fregistry.npm.taobao.org%2Fdefine-lazy-prop%2Fdownload%2Fdefine-lazy-prop-2.0.0.tgz",
      "integrity": "sha1-P3rkIRKbyqrJvHSQXJigAJ7J7n8="
    },
    "figlet": {
      "version": "1.5.2",
      "resolved": "https://registry.nlark.com/figlet/download/figlet-1.5.2.tgz?cache=0&sync_timestamp=1628740525161&other_urls=https%3A%2F%2Fregistry.nlark.com%2Ffiglet%2Fdownload%2Ffiglet-1.5.2.tgz",
      "integrity": "sha1-3aNP8jPJpI42/P9nQa61uv5JtjQ="
    },
    "is-docker": {
      "version": "2.2.1",
      "resolved": "https://registry.nlark.com/is-docker/download/is-docker-2.2.1.tgz?cache=0&sync_timestamp=1630452160203&other_urls=https%3A%2F%2Fregistry.nlark.com%2Fis-docker%2Fdownload%2Fis-docker-2.2.1.tgz",
      "integrity": "sha1-M+6r4jz+hvFL3kQIoCwM+4U6zao="
    },
    "is-wsl": {
      "version": "2.2.0",
      "resolved": "https://registry.npm.taobao.org/is-wsl/download/is-wsl-2.2.0.tgz?cache=0&sync_timestamp=1592843177178&other_urls=https%3A%2F%2Fregistry.npm.taobao.org%2Fis-wsl%2Fdownload%2Fis-wsl-2.2.0.tgz",
      "integrity": "sha1-dKTHbnfKn9P5MvKQwX6jJs0VcnE=",
      "requires": {
        "is-docker": "^2.0.0"
      }
    },
    "mime": {
      "version": "2.5.2",
      "resolved": "https://registry.npm.taobao.org/mime/download/mime-2.5.2.tgz",
      "integrity": "sha1-bj3GzCuVEGQ4MOXxnVy3U9pe6r4="
    },
    "minimist": {
      "version": "1.2.5",
      "resolved": "https://registry.npm.taobao.org/minimist/download/minimist-1.2.5.tgz",
      "integrity": "sha1-Z9ZgFLZqaoqqDAg8X9WN9OTpdgI="
    },
    "open": {
      "version": "8.2.1",
      "resolved": "https://registry.nlark.com/open/download/open-8.2.1.tgz",
      "integrity": "sha1-gt5C2gzL9Cm8EtCZ2tLgl14U6K8=",
      "requires": {
        "define-lazy-prop": "^2.0.0",
        "is-docker": "^2.1.1",
        "is-wsl": "^2.2.0"
      }
    },
    "stat-mode": {
      "version": "1.0.0",
      "resolved": "https://registry.npm.taobao.org/stat-mode/download/stat-mode-1.0.0.tgz",
      "integrity": "sha1-aLVcth6mOf9XE282shaikYANFGU="
    }
  }
}
